
Microsoft Visual Studio Solution File, Format Version 12.00
# Visual Studio Version 16
VisualStudioVersion = 16.0.31424.327
MinimumVisualStudioVersion = 10.0.40219.1
Project("{9A19103F-16F7-4668-BE54-9A1E7A4F7556}") = "CrmSystem.Domain", "CrmSystem.Domain\CrmSystem.Domain.csproj", "{51E7D622-2604-48E2-8B5A-F0FB1D58CD7E}"
EndProject
Project("{9A19103F-16F7-4668-BE54-9A1E7A4F7556}") = "CrmSystem.Test", "CrmSystem.Test\CrmSystem.Test.csproj", "{26C91CC9-A74D-4045-87F5-D3B512C1F28D}"
EndProject
Project("{FAE04EC0-301F-11D3-BF4B-00C04F79EFBC}") = "CrmSystem.EntityFramework", "CrmSystem.EntityFramework\CrmSystem.EntityFramework.csproj", "{597C4E4F-0DFC-41E5-A32B-B68A080595FC}"
EndProject
Global
	GlobalSection(SolutionConfigurationPlatforms) = preSolution
		Debug|Any CPU = Debug|Any CPU
		Release|Any CPU = Release|Any CPU
	EndGlobalSection
	GlobalSection(ProjectConfigurationPlatforms) = postSolution
		{51E7D622-2604-48E2-8B5A-F0FB1D58CD7E}.Debug|Any CPU.ActiveCfg = Debug|Any CPU
		{51E7D622-2604-48E2-8B5A-F0FB1D58CD7E}.Debug|Any CPU.Build.0 = Debug|Any CPU
		{51E7D622-2604-48E2-8B5A-F0FB1D58CD7E}.Release|Any CPU.ActiveCfg = Release|Any CPU
		{51E7D622-2604-48E2-8B5A-F0FB1D58CD7E}.Release|Any CPU.Build.0 = Release|Any CPU
		{26C91CC9-A74D-4045-87F5-D3B512C1F28D}.Debug|Any CPU.ActiveCfg = Debug|Any CPU
		{26C91CC9-A74D-4045-87F5-D3B512C1F28D}.Debug|Any CPU.Build.0 = Debug|Any CPU
		{26C91CC9-A74D-4045-87F5-D3B512C1F28D}.Release|Any CPU.ActiveCfg = Release|Any CPU
		{26C91CC9-A74D-4045-87F5-D3B512C1F28D}.Release|Any CPU.Build.0 = Release|Any CPU
		{597C4E4F-0DFC-41E5-A32B-B68A080595FC}.Debug|Any CPU.ActiveCfg = Debug|Any CPU
		{597C4E4F-0DFC-41E5-A32B-B68A080595FC}.Debug|Any CPU.Build.0 = Debug|Any CPU
		{597C4E4F-0DFC-41E5-A32B-B68A080595FC}.Release|Any CPU.ActiveCfg = Release|Any CPU
		{597C4E4F-0DFC-41E5-A32B-B68A080595FC}.Release|Any CPU.Build.0 = Release|Any CPU
	EndGlobalSection
	GlobalSection(SolutionProperties) = preSolution
		HideSolutionNode = FALSE
	EndGlobalSection
	GlobalSection(ExtensibilityGlobals) = postSolution
		SolutionGuid = {2284AF28-8975-47EF-BDEC-C39D43AC48B6}
	EndGlobalSection
EndGlobal
