
Microsoft Visual Studio Solution File, Format Version 12.00
# Visual Studio Version 16
VisualStudioVersion = 16.0.31424.327
MinimumVisualStudioVersion = 10.0.40219.1
Project("{9A19103F-16F7-4668-BE54-9A1E7A4F7556}") = "CrmSystem.Domain", "CrmSystem.Domain\CrmSystem.Domain.csproj", "{51E7D622-2604-48E2-8B5A-F0FB1D58CD7E}"
EndProject
Global
	GlobalSection(SolutionConfigurationPlatforms) = preSolution
		Debug|Any CPU = Debug|Any CPU
		Release|Any CPU = Release|Any CPU
	EndGlobalSection
	GlobalSection(ProjectConfigurationPlatforms) = postSolution
		{51E7D622-2604-48E2-8B5A-F0FB1D58CD7E}.Debug|Any CPU.ActiveCfg = Debug|Any CPU
		{51E7D622-2604-48E2-8B5A-F0FB1D58CD7E}.Debug|Any CPU.Build.0 = Debug|Any CPU
		{51E7D622-2604-48E2-8B5A-F0FB1D58CD7E}.Release|Any CPU.ActiveCfg = Release|Any CPU
		{51E7D622-2604-48E2-8B5A-F0FB1D58CD7E}.Release|Any CPU.Build.0 = Release|Any CPU
	EndGlobalSection
	GlobalSection(SolutionProperties) = preSolution
		HideSolutionNode = FALSE
	EndGlobalSection
	GlobalSection(ExtensibilityGlobals) = postSolution
		SolutionGuid = {2284AF28-8975-47EF-BDEC-C39D43AC48B6}
	EndGlobalSection
EndGlobal
